// !$*UTF8*$!
{
	archiveVersion = 1;
	classes = {
	};
	objectVersion = 77;
	objects = {

/* Begin PBXBuildFile section */
		7C694D132E26B2B9000E24E4 /* AppDelegate.swift in Sources */ = {isa = PBXBuildFile; fileRef = 7C694D092E26B2B9000E24E4 /* AppDelegate.swift */; };
		7C694D142E26B2B9000E24E4 /* SceneDelegate.swift in Sources */ = {isa = PBXBuildFile; fileRef = 7C694D102E26B2B9000E24E4 /* SceneDelegate.swift */; };
		7C694D152E26B2B9000E24E4 /* NewsViewController.swift in Sources */ = {isa = PBXBuildFile; fileRef = 7C694D112E26B2B9000E24E4 /* NewsViewController.swift */; };
		7C694D162E26B2B9000E24E4 /* Assets.xcassets in Resources */ = {isa = PBXBuildFile; fileRef = 7C694D0A2E26B2B9000E24E4 /* Assets.xcassets */; };
		7C694D182E26B2B9000E24E4 /* LaunchScreen.storyboard in Resources */ = {isa = PBXBuildFile; fileRef = 7C694D0D2E26B2B9000E24E4 /* LaunchScreen.storyboard */; };
		7C694D212E26CA28000E24E4 /* NewItem.swift in Sources */ = {isa = PBXBuildFile; fileRef = 7C694D202E26CA21000E24E4 /* NewItem.swift */; };
		7C694D242E27B5A3000E24E4 /* NewsService.swift in Sources */ = {isa = PBXBuildFile; fileRef = 7C694D232E27B59F000E24E4 /* NewsService.swift */; };
		7C694D272E280FBB000E24E4 /* NewsViewModel.swift in Sources */ = {isa = PBXBuildFile; fileRef = 7C694D262E280FB3000E24E4 /* NewsViewModel.swift */; };
		7C694D292E2919BF000E24E4 /* NewsCell.swift in Sources */ = {isa = PBXBuildFile; fileRef = 7C694D282E2919BF000E24E4 /* NewsCell.swift */; };
		7C694D2B2E291D58000E24E4 /* NewsResponse.swift in Sources */ = {isa = PBXBuildFile; fileRef = 7C694D2A2E291D57000E24E4 /* NewsResponse.swift */; };
		7C694D2D2E293062000E24E4 /* NewsLayoutProvider..swift in Sources */ = {isa = PBXBuildFile; fileRef = 7C694D2C2E293061000E24E4 /* NewsLayoutProvider..swift */; };
		7C694D312E297B6A000E24E4 /* UIViewController+Alert.swift in Sources */ = {isa = PBXBuildFile; fileRef = 7C694D302E297B69000E24E4 /* UIViewController+Alert.swift */; };
/* End PBXBuildFile section */

/* Begin PBXFileReference section */
		7C694CF12E26B28B000E24E4 /* AutoDigest.app */ = {isa = PBXFileReference; explicitFileType = wrapper.application; includeInIndex = 0; path = AutoDigest.app; sourceTree = BUILT_PRODUCTS_DIR; };
		7C694D092E26B2B9000E24E4 /* AppDelegate.swift */ = {isa = PBXFileReference; lastKnownFileType = sourcecode.swift; path = AppDelegate.swift; sourceTree = "<group>"; };
		7C694D0A2E26B2B9000E24E4 /* Assets.xcassets */ = {isa = PBXFileReference; lastKnownFileType = folder.assetcatalog; path = Assets.xcassets; sourceTree = "<group>"; };
		7C694D0B2E26B2B9000E24E4 /* Info.plist */ = {isa = PBXFileReference; lastKnownFileType = text.plist.xml; path = Info.plist; sourceTree = "<group>"; };
		7C694D0C2E26B2B9000E24E4 /* Base */ = {isa = PBXFileReference; lastKnownFileType = file.storyboard; name = Base; path = Base.lproj/LaunchScreen.storyboard; sourceTree = "<group>"; };
		7C694D102E26B2B9000E24E4 /* SceneDelegate.swift */ = {isa = PBXFileReference; lastKnownFileType = sourcecode.swift; path = SceneDelegate.swift; sourceTree = "<group>"; };
		7C694D112E26B2B9000E24E4 /* NewsViewController.swift */ = {isa = PBXFileReference; lastKnownFileType = sourcecode.swift; path = NewsViewController.swift; sourceTree = "<group>"; };
		7C694D202E26CA21000E24E4 /* NewItem.swift */ = {isa = PBXFileReference; lastKnownFileType = sourcecode.swift; path = NewItem.swift; sourceTree = "<group>"; };
		7C694D232E27B59F000E24E4 /* NewsService.swift */ = {isa = PBXFileReference; lastKnownFileType = sourcecode.swift; path = NewsService.swift; sourceTree = "<group>"; };
		7C694D262E280FB3000E24E4 /* NewsViewModel.swift */ = {isa = PBXFileReference; lastKnownFileType = sourcecode.swift; path = NewsViewModel.swift; sourceTree = "<group>"; };
		7C694D282E2919BF000E24E4 /* NewsCell.swift */ = {isa = PBXFileReference; lastKnownFileType = sourcecode.swift; path = NewsCell.swift; sourceTree = "<group>"; };
		7C694D2A2E291D57000E24E4 /* NewsResponse.swift */ = {isa = PBXFileReference; lastKnownFileType = sourcecode.swift; path = NewsResponse.swift; sourceTree = "<group>"; };
		7C694D2C2E293061000E24E4 /* NewsLayoutProvider..swift */ = {isa = PBXFileReference; lastKnownFileType = sourcecode.swift; path = NewsLayoutProvider..swift; sourceTree = "<group>"; };
		7C694D302E297B69000E24E4 /* UIViewController+Alert.swift */ = {isa = PBXFileReference; lastKnownFileType = sourcecode.swift; path = "UIViewController+Alert.swift"; sourceTree = "<group>"; };
/* End PBXFileReference section */

/* Begin PBXFrameworksBuildPhase section */
		7C694CEE2E26B28B000E24E4 /* Frameworks */ = {
			isa = PBXFrameworksBuildPhase;
			buildActionMask = 2147483647;
			files = (
			);
			runOnlyForDeploymentPostprocessing = 0;
		};
/* End PBXFrameworksBuildPhase section */

/* Begin PBXGroup section */
		7C694CE82E26B28B000E24E4 = {
			isa = PBXGroup;
			children = (
				7C694D122E26B2B9000E24E4 /* AutoDigest */,
				7C694CF22E26B28B000E24E4 /* Products */,
			);
			sourceTree = "<group>";
		};
		7C694CF22E26B28B000E24E4 /* Products */ = {
			isa = PBXGroup;
			children = (
				7C694CF12E26B28B000E24E4 /* AutoDigest.app */,
			);
			name = Products;
			sourceTree = "<group>";
		};
		7C694D122E26B2B9000E24E4 /* AutoDigest */ = {
			isa = PBXGroup;
			children = (
				7C694D1B2E26B2FB000E24E4 /* Application */,
				7C694D1C2E26B8B9000E24E4 /* Modules */,
				7C694D2E2E297B49000E24E4 /* Common */,
				7C694D1A2E26B2BE000E24E4 /* Resources */,
				7C694D0B2E26B2B9000E24E4 /* Info.plist */,
			);
			path = AutoDigest;
			sourceTree = "<group>";
		};
		7C694D1A2E26B2BE000E24E4 /* Resources */ = {
			isa = PBXGroup;
			children = (
				7C694D0A2E26B2B9000E24E4 /* Assets.xcassets */,
				7C694D0D2E26B2B9000E24E4 /* LaunchScreen.storyboard */,
			);
			path = Resources;
			sourceTree = "<group>";
		};
		7C694D1B2E26B2FB000E24E4 /* Application */ = {
			isa = PBXGroup;
			children = (
				7C694D092E26B2B9000E24E4 /* AppDelegate.swift */,
				7C694D102E26B2B9000E24E4 /* SceneDelegate.swift */,
			);
			path = Application;
			sourceTree = "<group>";
		};
		7C694D1C2E26B8B9000E24E4 /* Modules */ = {
			isa = PBXGroup;
			children = (
				7C694D1D2E26B8C3000E24E4 /* News */,
			);
			path = Modules;
			sourceTree = "<group>";
		};
		7C694D1D2E26B8C3000E24E4 /* News */ = {
			isa = PBXGroup;
			children = (
				7C694D1F2E26CA14000E24E4 /* Model */,
				7C694D222E27B591000E24E4 /* Service */,
				7C694D1E2E26B8D4000E24E4 /* View */,
				7C694D252E280FA3000E24E4 /* ViewModel */,
			);
			path = News;
			sourceTree = "<group>";
		};
		7C694D1E2E26B8D4000E24E4 /* View */ = {
			isa = PBXGroup;
			children = (
				7C694D112E26B2B9000E24E4 /* NewsViewController.swift */,
				7C694D2C2E293061000E24E4 /* NewsLayoutProvider..swift */,
				7C694D282E2919BF000E24E4 /* NewsCell.swift */,
			);
			path = View;
			sourceTree = "<group>";
		};
		7C694D1F2E26CA14000E24E4 /* Model */ = {
			isa = PBXGroup;
			children = (
				7C694D2A2E291D57000E24E4 /* NewsResponse.swift */,
				7C694D202E26CA21000E24E4 /* NewItem.swift */,
			);
			path = Model;
			sourceTree = "<group>";
		};
		7C694D222E27B591000E24E4 /* Service */ = {
			isa = PBXGroup;
			children = (
				7C694D232E27B59F000E24E4 /* NewsService.swift */,
			);
			path = Service;
			sourceTree = "<group>";
		};
		7C694D252E280FA3000E24E4 /* ViewModel */ = {
			isa = PBXGroup;
			children = (
				7C694D262E280FB3000E24E4 /* NewsViewModel.swift */,
			);
			path = ViewModel;
			sourceTree = "<group>";
		};
		7C694D2E2E297B49000E24E4 /* Common */ = {
			isa = PBXGroup;
			children = (
				7C694D2F2E297B5D000E24E4 /* Extensions */,
			);
			path = Common;
			sourceTree = "<group>";
		};
		7C694D2F2E297B5D000E24E4 /* Extensions */ = {
			isa = PBXGroup;
			children = (
				7C694D302E297B69000E24E4 /* UIViewController+Alert.swift */,
			);
			path = Extensions;
			sourceTree = "<group>";
		};
/* End PBXGroup section */

/* Begin PBXNativeTarget section */
		7C694CF02E26B28B000E24E4 /* AutoDigest */ = {
			isa = PBXNativeTarget;
			buildConfigurationList = 7C694D042E26B28C000E24E4 /* Build configuration list for PBXNativeTarget "AutoDigest" */;
			buildPhases = (
				7C694CED2E26B28B000E24E4 /* Sources */,
				7C694CEE2E26B28B000E24E4 /* Frameworks */,
				7C694CEF2E26B28B000E24E4 /* Resources */,
			);
			buildRules = (
			);
			dependencies = (
			);
			name = AutoDigest;
			packageProductDependencies = (
			);
			productName = AutoDigest;
			productReference = 7C694CF12E26B28B000E24E4 /* AutoDigest.app */;
			productType = "com.apple.product-type.application";
		};
/* End PBXNativeTarget section */

/* Begin PBXProject section */
		7C694CE92E26B28B000E24E4 /* Project object */ = {
			isa = PBXProject;
			attributes = {
				BuildIndependentTargetsInParallel = 1;
				LastSwiftUpdateCheck = 1640;
				LastUpgradeCheck = 1640;
				TargetAttributes = {
					7C694CF02E26B28B000E24E4 = {
						CreatedOnToolsVersion = 16.4;
					};
				};
			};
			buildConfigurationList = 7C694CEC2E26B28B000E24E4 /* Build configuration list for PBXProject "AutoDigest" */;
			developmentRegion = en;
			hasScannedForEncodings = 0;
			knownRegions = (
				en,
				Base,
			);
			mainGroup = 7C694CE82E26B28B000E24E4;
			minimizedProjectReferenceProxies = 1;
			preferredProjectObjectVersion = 77;
			productRefGroup = 7C694CF22E26B28B000E24E4 /* Products */;
			projectDirPath = "";
			projectRoot = "";
			targets = (
				7C694CF02E26B28B000E24E4 /* AutoDigest */,
			);
		};
/* End PBXProject section */

/* Begin PBXResourcesBuildPhase section */
		7C694CEF2E26B28B000E24E4 /* Resources */ = {
			isa = PBXResourcesBuildPhase;
			buildActionMask = 2147483647;
			files = (
				7C694D162E26B2B9000E24E4 /* Assets.xcassets in Resources */,
				7C694D182E26B2B9000E24E4 /* LaunchScreen.storyboard in Resources */,
			);
			runOnlyForDeploymentPostprocessing = 0;
		};
/* End PBXResourcesBuildPhase section */

/* Begin PBXSourcesBuildPhase section */
		7C694CED2E26B28B000E24E4 /* Sources */ = {
			isa = PBXSourcesBuildPhase;
			buildActionMask = 2147483647;
			files = (
				7C694D132E26B2B9000E24E4 /* AppDelegate.swift in Sources */,
				7C694D2B2E291D58000E24E4 /* NewsResponse.swift in Sources */,
				7C694D272E280FBB000E24E4 /* NewsViewModel.swift in Sources */,
				7C694D242E27B5A3000E24E4 /* NewsService.swift in Sources */,
				7C694D292E2919BF000E24E4 /* NewsCell.swift in Sources */,
				7C694D312E297B6A000E24E4 /* UIViewController+Alert.swift in Sources */,
				7C694D212E26CA28000E24E4 /* NewItem.swift in Sources */,
				7C694D142E26B2B9000E24E4 /* SceneDelegate.swift in Sources */,
				7C694D2D2E293062000E24E4 /* NewsLayoutProvider..swift in Sources */,
				7C694D152E26B2B9000E24E4 /* NewsViewController.swift in Sources */,
			);
			runOnlyForDeploymentPostprocessing = 0;
		};
/* End PBXSourcesBuildPhase section */

/* Begin PBXVariantGroup section */
		7C694D0D2E26B2B9000E24E4 /* LaunchScreen.storyboard */ = {
			isa = PBXVariantGroup;
			children = (
				7C694D0C2E26B2B9000E24E4 /* Base */,
			);
			name = LaunchScreen.storyboard;
			sourceTree = "<group>";
		};
/* End PBXVariantGroup section */

/* Begin XCBuildConfiguration section */
		7C694D052E26B28C000E24E4 /* Debug */ = {
			isa = XCBuildConfiguration;
			buildSettings = {
				ASSETCATALOG_COMPILER_APPICON_NAME = AppIcon;
				ASSETCATALOG_COMPILER_GLOBAL_ACCENT_COLOR_NAME = AccentColor;
				CODE_SIGN_STYLE = Automatic;
				CURRENT_PROJECT_VERSION = 1;
				GENERATE_INFOPLIST_FILE = YES;
				INFOPLIST_FILE = AutoDigest/Info.plist;
				INFOPLIST_KEY_UIApplicationSupportsIndirectInputEvents = YES;
				INFOPLIST_KEY_UILaunchStoryboardName = LaunchScreen;
				INFOPLIST_KEY_UISupportedInterfaceOrientations_iPad = "UIInterfaceOrientationPortrait UIInterfaceOrientationPortraitUpsideDown UIInterfaceOrientationLandscapeLeft UIInterfaceOrientationLandscapeRight";
				INFOPLIST_KEY_UISupportedInterfaceOrientations_iPhone = "UIInterfaceOrientationPortrait UIInterfaceOrientationLandscapeLeft UIInterfaceOrientationLandscapeRight";
				IPHONEOS_DEPLOYMENT_TARGET = 16.6;
				LD_RUNPATH_SEARCH_PATHS = (
					"$(inherited)",
					"@executable_path/Frameworks",
				);
				MARKETING_VERSION = 1.0;
				PRODUCT_BUNDLE_IDENTIFIER = ru.Wilwous.AutoDigest;
				PRODUCT_NAME = "$(TARGET_NAME)";
				SUPPORTED_PLATFORMS = "iphoneos iphonesimulator";
				SUPPORTS_MACCATALYST = NO;
				SUPPORTS_MAC_DESIGNED_FOR_IPHONE_IPAD = NO;
				SUPPORTS_XR_DESIGNED_FOR_IPHONE_IPAD = NO;
				SWIFT_EMIT_LOC_STRINGS = YES;
				SWIFT_VERSION = 5.0;
				TARGETED_DEVICE_FAMILY = "1,2";
			};
			name = Debug;
		};
		7C694D062E26B28C000E24E4 /* Release */ = {
			isa = XCBuildConfiguration;
			buildSettings = {
				ASSETCATALOG_COMPILER_APPICON_NAME = AppIcon;
				ASSETCATALOG_COMPILER_GLOBAL_ACCENT_COLOR_NAME = AccentColor;
				CODE_SIGN_STYLE = Automatic;
				CURRENT_PROJECT_VERSION = 1;
				GENERATE_INFOPLIST_FILE = YES;
				INFOPLIST_FILE = AutoDigest/Info.plist;
				INFOPLIST_KEY_UIApplicationSupportsIndirectInputEvents = YES;
				INFOPLIST_KEY_UILaunchStoryboardName = LaunchScreen;
				INFOPLIST_KEY_UISupportedInterfaceOrientations_iPad = "UIInterfaceOrientationPortrait UIInterfaceOrientationPortraitUpsideDown UIInterfaceOrientationLandscapeLeft UIInterfaceOrientationLandscapeRight";
				INFOPLIST_KEY_UISupportedInterfaceOrientations_iPhone = "UIInterfaceOrientationPortrait UIInterfaceOrientationLandscapeLeft UIInterfaceOrientationLandscapeRight";
				IPHONEOS_DEPLOYMENT_TARGET = 16.6;
				LD_RUNPATH_SEARCH_PATHS = (
					"$(inherited)",
					"@executable_path/Frameworks",
				);
				MARKETING_VERSION = 1.0;
				PRODUCT_BUNDLE_IDENTIFIER = ru.Wilwous.AutoDigest;
				PRODUCT_NAME = "$(TARGET_NAME)";
				SUPPORTED_PLATFORMS = "iphoneos iphonesimulator";
				SUPPORTS_MACCATALYST = NO;
				SUPPORTS_MAC_DESIGNED_FOR_IPHONE_IPAD = NO;
				SUPPORTS_XR_DESIGNED_FOR_IPHONE_IPAD = NO;
				SWIFT_EMIT_LOC_STRINGS = YES;
				SWIFT_VERSION = 5.0;
				TARGETED_DEVICE_FAMILY = "1,2";
			};
			name = Release;
		};
		7C694D072E26B28C000E24E4 /* Debug */ = {
			isa = XCBuildConfiguration;
			buildSettings = {
				ALWAYS_SEARCH_USER_PATHS = NO;
				ASSETCATALOG_COMPILER_GENERATE_SWIFT_ASSET_SYMBOL_EXTENSIONS = YES;
				CLANG_ANALYZER_NONNULL = YES;
				CLANG_ANALYZER_NUMBER_OBJECT_CONVERSION = YES_AGGRESSIVE;
				CLANG_CXX_LANGUAGE_STANDARD = "gnu++20";
				CLANG_ENABLE_MODULES = YES;
				CLANG_ENABLE_OBJC_ARC = YES;
				CLANG_ENABLE_OBJC_WEAK = YES;
				CLANG_WARN_BLOCK_CAPTURE_AUTORELEASING = YES;
				CLANG_WARN_BOOL_CONVERSION = YES;
				CLANG_WARN_COMMA = YES;
				CLANG_WARN_CONSTANT_CONVERSION = YES;
				CLANG_WARN_DEPRECATED_OBJC_IMPLEMENTATIONS = YES;
				CLANG_WARN_DIRECT_OBJC_ISA_USAGE = YES_ERROR;
				CLANG_WARN_DOCUMENTATION_COMMENTS = YES;
				CLANG_WARN_EMPTY_BODY = YES;
				CLANG_WARN_ENUM_CONVERSION = YES;
				CLANG_WARN_INFINITE_RECURSION = YES;
				CLANG_WARN_INT_CONVERSION = YES;
				CLANG_WARN_NON_LITERAL_NULL_CONVERSION = YES;
				CLANG_WARN_OBJC_IMPLICIT_RETAIN_SELF = YES;
				CLANG_WARN_OBJC_LITERAL_CONVERSION = YES;
				CLANG_WARN_OBJC_ROOT_CLASS = YES_ERROR;
				CLANG_WARN_QUOTED_INCLUDE_IN_FRAMEWORK_HEADER = YES;
				CLANG_WARN_RANGE_LOOP_ANALYSIS = YES;
				CLANG_WARN_STRICT_PROTOTYPES = YES;
				CLANG_WARN_SUSPICIOUS_MOVE = YES;
				CLANG_WARN_UNGUARDED_AVAILABILITY = YES_AGGRESSIVE;
				CLANG_WARN_UNREACHABLE_CODE = YES;
				CLANG_WARN__DUPLICATE_METHOD_MATCH = YES;
				COPY_PHASE_STRIP = NO;
				DEBUG_INFORMATION_FORMAT = dwarf;
				ENABLE_STRICT_OBJC_MSGSEND = YES;
				ENABLE_TESTABILITY = YES;
				ENABLE_USER_SCRIPT_SANDBOXING = YES;
				GCC_C_LANGUAGE_STANDARD = gnu17;
				GCC_DYNAMIC_NO_PIC = NO;
				GCC_NO_COMMON_BLOCKS = YES;
				GCC_OPTIMIZATION_LEVEL = 0;
				GCC_PREPROCESSOR_DEFINITIONS = (
					"DEBUG=1",
					"$(inherited)",
				);
				GCC_WARN_64_TO_32_BIT_CONVERSION = YES;
				GCC_WARN_ABOUT_RETURN_TYPE = YES_ERROR;
				GCC_WARN_UNDECLARED_SELECTOR = YES;
				GCC_WARN_UNINITIALIZED_AUTOS = YES_AGGRESSIVE;
				GCC_WARN_UNUSED_FUNCTION = YES;
				GCC_WARN_UNUSED_VARIABLE = YES;
				IPHONEOS_DEPLOYMENT_TARGET = 18.5;
				LOCALIZATION_PREFERS_STRING_CATALOGS = YES;
				MTL_ENABLE_DEBUG_INFO = INCLUDE_SOURCE;
				MTL_FAST_MATH = YES;
				ONLY_ACTIVE_ARCH = YES;
				SDKROOT = iphoneos;
				SWIFT_ACTIVE_COMPILATION_CONDITIONS = "DEBUG $(inherited)";
				SWIFT_OPTIMIZATION_LEVEL = "-Onone";
			};
			name = Debug;
		};
		7C694D082E26B28C000E24E4 /* Release */ = {
			isa = XCBuildConfiguration;
			buildSettings = {
				ALWAYS_SEARCH_USER_PATHS = NO;
				ASSETCATALOG_COMPILER_GENERATE_SWIFT_ASSET_SYMBOL_EXTENSIONS = YES;
				CLANG_ANALYZER_NONNULL = YES;
				CLANG_ANALYZER_NUMBER_OBJECT_CONVERSION = YES_AGGRESSIVE;
				CLANG_CXX_LANGUAGE_STANDARD = "gnu++20";
				CLANG_ENABLE_MODULES = YES;
				CLANG_ENABLE_OBJC_ARC = YES;
				CLANG_ENABLE_OBJC_WEAK = YES;
				CLANG_WARN_BLOCK_CAPTURE_AUTORELEASING = YES;
				CLANG_WARN_BOOL_CONVERSION = YES;
				CLANG_WARN_COMMA = YES;
				CLANG_WARN_CONSTANT_CONVERSION = YES;
				CLANG_WARN_DEPRECATED_OBJC_IMPLEMENTATIONS = YES;
				CLANG_WARN_DIRECT_OBJC_ISA_USAGE = YES_ERROR;
				CLANG_WARN_DOCUMENTATION_COMMENTS = YES;
				CLANG_WARN_EMPTY_BODY = YES;
				CLANG_WARN_ENUM_CONVERSION = YES;
				CLANG_WARN_INFINITE_RECURSION = YES;
				CLANG_WARN_INT_CONVERSION = YES;
				CLANG_WARN_NON_LITERAL_NULL_CONVERSION = YES;
				CLANG_WARN_OBJC_IMPLICIT_RETAIN_SELF = YES;
				CLANG_WARN_OBJC_LITERAL_CONVERSION = YES;
				CLANG_WARN_OBJC_ROOT_CLASS = YES_ERROR;
				CLANG_WARN_QUOTED_INCLUDE_IN_FRAMEWORK_HEADER = YES;
				CLANG_WARN_RANGE_LOOP_ANALYSIS = YES;
				CLANG_WARN_STRICT_PROTOTYPES = YES;
				CLANG_WARN_SUSPICIOUS_MOVE = YES;
				CLANG_WARN_UNGUARDED_AVAILABILITY = YES_AGGRESSIVE;
				CLANG_WARN_UNREACHABLE_CODE = YES;
				CLANG_WARN__DUPLICATE_METHOD_MATCH = YES;
				COPY_PHASE_STRIP = NO;
				DEBUG_INFORMATION_FORMAT = "dwarf-with-dsym";
				ENABLE_NS_ASSERTIONS = NO;
				ENABLE_STRICT_OBJC_MSGSEND = YES;
				ENABLE_USER_SCRIPT_SANDBOXING = YES;
				GCC_C_LANGUAGE_STANDARD = gnu17;
				GCC_NO_COMMON_BLOCKS = YES;
				GCC_WARN_64_TO_32_BIT_CONVERSION = YES;
				GCC_WARN_ABOUT_RETURN_TYPE = YES_ERROR;
				GCC_WARN_UNDECLARED_SELECTOR = YES;
				GCC_WARN_UNINITIALIZED_AUTOS = YES_AGGRESSIVE;
				GCC_WARN_UNUSED_FUNCTION = YES;
				GCC_WARN_UNUSED_VARIABLE = YES;
				IPHONEOS_DEPLOYMENT_TARGET = 18.5;
				LOCALIZATION_PREFERS_STRING_CATALOGS = YES;
				MTL_ENABLE_DEBUG_INFO = NO;
				MTL_FAST_MATH = YES;
				SDKROOT = iphoneos;
				SWIFT_COMPILATION_MODE = wholemodule;
				VALIDATE_PRODUCT = YES;
			};
			name = Release;
		};
/* End XCBuildConfiguration section */

/* Begin XCConfigurationList section */
		7C694CEC2E26B28B000E24E4 /* Build configuration list for PBXProject "AutoDigest" */ = {
			isa = XCConfigurationList;
			buildConfigurations = (
				7C694D072E26B28C000E24E4 /* Debug */,
				7C694D082E26B28C000E24E4 /* Release */,
			);
			defaultConfigurationIsVisible = 0;
			defaultConfigurationName = Release;
		};
		7C694D042E26B28C000E24E4 /* Build configuration list for PBXNativeTarget "AutoDigest" */ = {
			isa = XCConfigurationList;
			buildConfigurations = (
				7C694D052E26B28C000E24E4 /* Debug */,
				7C694D062E26B28C000E24E4 /* Release */,
			);
			defaultConfigurationIsVisible = 0;
			defaultConfigurationName = Release;
		};
/* End XCConfigurationList section */
	};
	rootObject = 7C694CE92E26B28B000E24E4 /* Project object */;
}
